
Microsoft Visual Studio Solution File, Format Version 12.00
# Visual Studio Version 17
VisualStudioVersion = 17.9.34902.65
MinimumVisualStudioVersion = 10.0.40219.1
Project("{FAE04EC0-301F-11D3-BF4B-00C04F79EFBC}") = "Projeto do mercadinho", "Projeto do mercadinho.csproj", "{BEACF542-B55E-4507-8842-7BCD7BFBF7D3}"
EndProject
Global
	GlobalSection(SolutionConfigurationPlatforms) = preSolution
		Debug|Any CPU = Debug|Any CPU
		Release|Any CPU = Release|Any CPU
	EndGlobalSection
	GlobalSection(ProjectConfigurationPlatforms) = postSolution
		{BEACF542-B55E-4507-8842-7BCD7BFBF7D3}.Debug|Any CPU.ActiveCfg = Debug|Any CPU
		{BEACF542-B55E-4507-8842-7BCD7BFBF7D3}.Debug|Any CPU.Build.0 = Debug|Any CPU
		{BEACF542-B55E-4507-8842-7BCD7BFBF7D3}.Release|Any CPU.ActiveCfg = Release|Any CPU
		{BEACF542-B55E-4507-8842-7BCD7BFBF7D3}.Release|Any CPU.Build.0 = Release|Any CPU
	EndGlobalSection
	GlobalSection(SolutionProperties) = preSolution
		HideSolutionNode = FALSE
	EndGlobalSection
	GlobalSection(ExtensibilityGlobals) = postSolution
		SolutionGuid = {564324AC-B5AF-409F-AC37-F21CEEBC06DA}
	EndGlobalSection
EndGlobal
